// !$*UTF8*$!
{
	archiveVersion = 1;
	classes = {
	};
	objectVersion = 46;
	objects = {

/* Begin PBXBuildFile section */
		5C88214719119BDD003606C0 /* Foundation.framework in Frameworks */ = {isa = PBXBuildFile; fileRef = 5C88214619119BDC003606C0 /* Foundation.framework */; };
		5C88214919119BDD003606C0 /* CoreGraphics.framework in Frameworks */ = {isa = PBXBuildFile; fileRef = 5C88214819119BDD003606C0 /* CoreGraphics.framework */; };
		5C88214B19119BDD003606C0 /* UIKit.framework in Frameworks */ = {isa = PBXBuildFile; fileRef = 5C88214A19119BDD003606C0 /* UIKit.framework */; };
		5C88215119119BDD003606C0 /* InfoPlist.strings in Resources */ = {isa = PBXBuildFile; fileRef = 5C88214F19119BDD003606C0 /* InfoPlist.strings */; };
		5C88215319119BDD003606C0 /* main.m in Sources */ = {isa = PBXBuildFile; fileRef = 5C88215219119BDD003606C0 /* main.m */; };
		5C88215719119BDD003606C0 /* AttributorAppDelegate.m in Sources */ = {isa = PBXBuildFile; fileRef = 5C88215619119BDD003606C0 /* AttributorAppDelegate.m */; };
		5C88215A19119BDD003606C0 /* Main.storyboard in Resources */ = {isa = PBXBuildFile; fileRef = 5C88215819119BDD003606C0 /* Main.storyboard */; };
		5C88215D19119BDD003606C0 /* AttributorViewController.m in Sources */ = {isa = PBXBuildFile; fileRef = 5C88215C19119BDD003606C0 /* AttributorViewController.m */; };
		5C88215F19119BDD003606C0 /* Images.xcassets in Resources */ = {isa = PBXBuildFile; fileRef = 5C88215E19119BDD003606C0 /* Images.xcassets */; };
		5C88216619119BDD003606C0 /* XCTest.framework in Frameworks */ = {isa = PBXBuildFile; fileRef = 5C88216519119BDD003606C0 /* XCTest.framework */; };
		5C88216719119BDD003606C0 /* Foundation.framework in Frameworks */ = {isa = PBXBuildFile; fileRef = 5C88214619119BDC003606C0 /* Foundation.framework */; };
		5C88216819119BDD003606C0 /* UIKit.framework in Frameworks */ = {isa = PBXBuildFile; fileRef = 5C88214A19119BDD003606C0 /* UIKit.framework */; };
		5C88217019119BDD003606C0 /* InfoPlist.strings in Resources */ = {isa = PBXBuildFile; fileRef = 5C88216E19119BDD003606C0 /* InfoPlist.strings */; };
		5C88217219119BDD003606C0 /* AttributorTests.m in Sources */ = {isa = PBXBuildFile; fileRef = 5C88217119119BDD003606C0 /* AttributorTests.m */; };
/* End PBXBuildFile section */

/* Begin PBXContainerItemProxy section */
		5C88216919119BDD003606C0 /* PBXContainerItemProxy */ = {
			isa = PBXContainerItemProxy;
			containerPortal = 5C88213B19119BDC003606C0 /* Project object */;
			proxyType = 1;
			remoteGlobalIDString = 5C88214219119BDC003606C0;
			remoteInfo = Attributor;
		};
/* End PBXContainerItemProxy section */

/* Begin PBXFileReference section */
		5C88214319119BDC003606C0 /* Attributor.app */ = {isa = PBXFileReference; explicitFileType = wrapper.application; includeInIndex = 0; path = Attributor.app; sourceTree = BUILT_PRODUCTS_DIR; };
		5C88214619119BDC003606C0 /* Foundation.framework */ = {isa = PBXFileReference; lastKnownFileType = wrapper.framework; name = Foundation.framework; path = System/Library/Frameworks/Foundation.framework; sourceTree = SDKROOT; };
		5C88214819119BDD003606C0 /* CoreGraphics.framework */ = {isa = PBXFileReference; lastKnownFileType = wrapper.framework; name = CoreGraphics.framework; path = System/Library/Frameworks/CoreGraphics.framework; sourceTree = SDKROOT; };
		5C88214A19119BDD003606C0 /* UIKit.framework */ = {isa = PBXFileReference; lastKnownFileType = wrapper.framework; name = UIKit.framework; path = System/Library/Frameworks/UIKit.framework; sourceTree = SDKROOT; };
		5C88214E19119BDD003606C0 /* Attributor-Info.plist */ = {isa = PBXFileReference; lastKnownFileType = text.plist.xml; path = "Attributor-Info.plist"; sourceTree = "<group>"; };
		5C88215019119BDD003606C0 /* en */ = {isa = PBXFileReference; lastKnownFileType = text.plist.strings; name = en; path = en.lproj/InfoPlist.strings; sourceTree = "<group>"; };
		5C88215219119BDD003606C0 /* main.m */ = {isa = PBXFileReference; lastKnownFileType = sourcecode.c.objc; path = main.m; sourceTree = "<group>"; };
		5C88215419119BDD003606C0 /* Attributor-Prefix.pch */ = {isa = PBXFileReference; lastKnownFileType = sourcecode.c.h; path = "Attributor-Prefix.pch"; sourceTree = "<group>"; };
		5C88215519119BDD003606C0 /* AttributorAppDelegate.h */ = {isa = PBXFileReference; lastKnownFileType = sourcecode.c.h; path = AttributorAppDelegate.h; sourceTree = "<group>"; };
		5C88215619119BDD003606C0 /* AttributorAppDelegate.m */ = {isa = PBXFileReference; lastKnownFileType = sourcecode.c.objc; path = AttributorAppDelegate.m; sourceTree = "<group>"; };
		5C88215919119BDD003606C0 /* Base */ = {isa = PBXFileReference; lastKnownFileType = file.storyboard; name = Base; path = Base.lproj/Main.storyboard; sourceTree = "<group>"; };
		5C88215B19119BDD003606C0 /* AttributorViewController.h */ = {isa = PBXFileReference; lastKnownFileType = sourcecode.c.h; path = AttributorViewController.h; sourceTree = "<group>"; };
		5C88215C19119BDD003606C0 /* AttributorViewController.m */ = {isa = PBXFileReference; lastKnownFileType = sourcecode.c.objc; path = AttributorViewController.m; sourceTree = "<group>"; };
		5C88215E19119BDD003606C0 /* Images.xcassets */ = {isa = PBXFileReference; lastKnownFileType = folder.assetcatalog; path = Images.xcassets; sourceTree = "<group>"; };
		5C88216419119BDD003606C0 /* AttributorTests.xctest */ = {isa = PBXFileReference; explicitFileType = wrapper.cfbundle; includeInIndex = 0; path = AttributorTests.xctest; sourceTree = BUILT_PRODUCTS_DIR; };
		5C88216519119BDD003606C0 /* XCTest.framework */ = {isa = PBXFileReference; lastKnownFileType = wrapper.framework; name = XCTest.framework; path = Library/Frameworks/XCTest.framework; sourceTree = DEVELOPER_DIR; };
		5C88216D19119BDD003606C0 /* AttributorTests-Info.plist */ = {isa = PBXFileReference; lastKnownFileType = text.plist.xml; path = "AttributorTests-Info.plist"; sourceTree = "<group>"; };
		5C88216F19119BDD003606C0 /* en */ = {isa = PBXFileReference; lastKnownFileType = text.plist.strings; name = en; path = en.lproj/InfoPlist.strings; sourceTree = "<group>"; };
		5C88217119119BDD003606C0 /* AttributorTests.m */ = {isa = PBXFileReference; lastKnownFileType = sourcecode.c.objc; path = AttributorTests.m; sourceTree = "<group>"; };
/* End PBXFileReference section */

/* Begin PBXFrameworksBuildPhase section */
		5C88214019119BDC003606C0 /* Frameworks */ = {
			isa = PBXFrameworksBuildPhase;
			buildActionMask = 2147483647;
			files = (
				5C88214919119BDD003606C0 /* CoreGraphics.framework in Frameworks */,
				5C88214B19119BDD003606C0 /* UIKit.framework in Frameworks */,
				5C88214719119BDD003606C0 /* Foundation.framework in Frameworks */,
			);
			runOnlyForDeploymentPostprocessing = 0;
		};
		5C88216119119BDD003606C0 /* Frameworks */ = {
			isa = PBXFrameworksBuildPhase;
			buildActionMask = 2147483647;
			files = (
				5C88216619119BDD003606C0 /* XCTest.framework in Frameworks */,
				5C88216819119BDD003606C0 /* UIKit.framework in Frameworks */,
				5C88216719119BDD003606C0 /* Foundation.framework in Frameworks */,
			);
			runOnlyForDeploymentPostprocessing = 0;
		};
/* End PBXFrameworksBuildPhase section */

/* Begin PBXGroup section */
		5C88213A19119BDC003606C0 = {
			isa = PBXGroup;
			children = (
				5C88214C19119BDD003606C0 /* Attributor */,
				5C88216B19119BDD003606C0 /* AttributorTests */,
				5C88214519119BDC003606C0 /* Frameworks */,
				5C88214419119BDC003606C0 /* Products */,
			);
			sourceTree = "<group>";
		};
		5C88214419119BDC003606C0 /* Products */ = {
			isa = PBXGroup;
			children = (
				5C88214319119BDC003606C0 /* Attributor.app */,
				5C88216419119BDD003606C0 /* AttributorTests.xctest */,
			);
			name = Products;
			sourceTree = "<group>";
		};
		5C88214519119BDC003606C0 /* Frameworks */ = {
			isa = PBXGroup;
			children = (
				5C88214619119BDC003606C0 /* Foundation.framework */,
				5C88214819119BDD003606C0 /* CoreGraphics.framework */,
				5C88214A19119BDD003606C0 /* UIKit.framework */,
				5C88216519119BDD003606C0 /* XCTest.framework */,
			);
			name = Frameworks;
			sourceTree = "<group>";
		};
		5C88214C19119BDD003606C0 /* Attributor */ = {
			isa = PBXGroup;
			children = (
				5C88215819119BDD003606C0 /* Main.storyboard */,
				5C88215B19119BDD003606C0 /* AttributorViewController.h */,
				5C88215C19119BDD003606C0 /* AttributorViewController.m */,
				5C88215E19119BDD003606C0 /* Images.xcassets */,
				5C88214D19119BDD003606C0 /* Supporting Files */,
			);
			path = Attributor;
			sourceTree = "<group>";
		};
		5C88214D19119BDD003606C0 /* Supporting Files */ = {
			isa = PBXGroup;
			children = (
				5C88215519119BDD003606C0 /* AttributorAppDelegate.h */,
				5C88215619119BDD003606C0 /* AttributorAppDelegate.m */,
				5C88214E19119BDD003606C0 /* Attributor-Info.plist */,
				5C88214F19119BDD003606C0 /* InfoPlist.strings */,
				5C88215219119BDD003606C0 /* main.m */,
				5C88215419119BDD003606C0 /* Attributor-Prefix.pch */,
			);
			name = "Supporting Files";
			sourceTree = "<group>";
		};
		5C88216B19119BDD003606C0 /* AttributorTests */ = {
			isa = PBXGroup;
			children = (
				5C88217119119BDD003606C0 /* AttributorTests.m */,
				5C88216C19119BDD003606C0 /* Supporting Files */,
			);
			path = AttributorTests;
			sourceTree = "<group>";
		};
		5C88216C19119BDD003606C0 /* Supporting Files */ = {
			isa = PBXGroup;
			children = (
				5C88216D19119BDD003606C0 /* AttributorTests-Info.plist */,
				5C88216E19119BDD003606C0 /* InfoPlist.strings */,
			);
			name = "Supporting Files";
			sourceTree = "<group>";
		};
/* End PBXGroup section */

/* Begin PBXNativeTarget section */
		5C88214219119BDC003606C0 /* Attributor */ = {
			isa = PBXNativeTarget;
			buildConfigurationList = 5C88217519119BDD003606C0 /* Build configuration list for PBXNativeTarget "Attributor" */;
			buildPhases = (
				5C88213F19119BDC003606C0 /* Sources */,
				5C88214019119BDC003606C0 /* Frameworks */,
				5C88214119119BDC003606C0 /* Resources */,
			);
			buildRules = (
			);
			dependencies = (
			);
			name = Attributor;
			productName = Attributor;
			productReference = 5C88214319119BDC003606C0 /* Attributor.app */;
			productType = "com.apple.product-type.application";
		};
		5C88216319119BDD003606C0 /* AttributorTests */ = {
			isa = PBXNativeTarget;
			buildConfigurationList = 5C88217819119BDD003606C0 /* Build configuration list for PBXNativeTarget "AttributorTests" */;
			buildPhases = (
				5C88216019119BDD003606C0 /* Sources */,
				5C88216119119BDD003606C0 /* Frameworks */,
				5C88216219119BDD003606C0 /* Resources */,
			);
			buildRules = (
			);
			dependencies = (
				5C88216A19119BDD003606C0 /* PBXTargetDependency */,
			);
			name = AttributorTests;
			productName = AttributorTests;
			productReference = 5C88216419119BDD003606C0 /* AttributorTests.xctest */;
			productType = "com.apple.product-type.bundle.unit-test";
		};
/* End PBXNativeTarget section */

/* Begin PBXProject section */
		5C88213B19119BDC003606C0 /* Project object */ = {
			isa = PBXProject;
			attributes = {
				CLASSPREFIX = Attributor;
				LastUpgradeCheck = 0510;
				ORGANIZATIONNAME = "Brandon Chatreau";
				TargetAttributes = {
					5C88216319119BDD003606C0 = {
						TestTargetID = 5C88214219119BDC003606C0;
					};
				};
			};
			buildConfigurationList = 5C88213E19119BDC003606C0 /* Build configuration list for PBXProject "Attributor" */;
			compatibilityVersion = "Xcode 3.2";
			developmentRegion = English;
			hasScannedForEncodings = 0;
			knownRegions = (
				en,
				Base,
			);
			mainGroup = 5C88213A19119BDC003606C0;
			productRefGroup = 5C88214419119BDC003606C0 /* Products */;
			projectDirPath = "";
			projectRoot = "";
			targets = (
				5C88214219119BDC003606C0 /* Attributor */,
				5C88216319119BDD003606C0 /* AttributorTests */,
			);
		};
/* End PBXProject section */

/* Begin PBXResourcesBuildPhase section */
		5C88214119119BDC003606C0 /* Resources */ = {
			isa = PBXResourcesBuildPhase;
			buildActionMask = 2147483647;
			files = (
				5C88215F19119BDD003606C0 /* Images.xcassets in Resources */,
				5C88215119119BDD003606C0 /* InfoPlist.strings in Resources */,
				5C88215A19119BDD003606C0 /* Main.storyboard in Resources */,
			);
			runOnlyForDeploymentPostprocessing = 0;
		};
		5C88216219119BDD003606C0 /* Resources */ = {
			isa = PBXResourcesBuildPhase;
			buildActionMask = 2147483647;
			files = (
				5C88217019119BDD003606C0 /* InfoPlist.strings in Resources */,
			);
			runOnlyForDeploymentPostprocessing = 0;
		};
/* End PBXResourcesBuildPhase section */

/* Begin PBXSourcesBuildPhase section */
		5C88213F19119BDC003606C0 /* Sources */ = {
			isa = PBXSourcesBuildPhase;
			buildActionMask = 2147483647;
			files = (
				5C88215719119BDD003606C0 /* AttributorAppDelegate.m in Sources */,
				5C88215D19119BDD003606C0 /* AttributorViewController.m in Sources */,
				5C88215319119BDD003606C0 /* main.m in Sources */,
			);
			runOnlyForDeploymentPostprocessing = 0;
		};
		5C88216019119BDD003606C0 /* Sources */ = {
			isa = PBXSourcesBuildPhase;
			buildActionMask = 2147483647;
			files = (
				5C88217219119BDD003606C0 /* AttributorTests.m in Sources */,
			);
			runOnlyForDeploymentPostprocessing = 0;
		};
/* End PBXSourcesBuildPhase section */

/* Begin PBXTargetDependency section */
		5C88216A19119BDD003606C0 /* PBXTargetDependency */ = {
			isa = PBXTargetDependency;
			target = 5C88214219119BDC003606C0 /* Attributor */;
			targetProxy = 5C88216919119BDD003606C0 /* PBXContainerItemProxy */;
		};
/* End PBXTargetDependency section */

/* Begin PBXVariantGroup section */
		5C88214F19119BDD003606C0 /* InfoPlist.strings */ = {
			isa = PBXVariantGroup;
			children = (
				5C88215019119BDD003606C0 /* en */,
			);
			name = InfoPlist.strings;
			sourceTree = "<group>";
		};
		5C88215819119BDD003606C0 /* Main.storyboard */ = {
			isa = PBXVariantGroup;
			children = (
				5C88215919119BDD003606C0 /* Base */,
			);
			name = Main.storyboard;
			sourceTree = "<group>";
		};
		5C88216E19119BDD003606C0 /* InfoPlist.strings */ = {
			isa = PBXVariantGroup;
			children = (
				5C88216F19119BDD003606C0 /* en */,
			);
			name = InfoPlist.strings;
			sourceTree = "<group>";
		};
/* End PBXVariantGroup section */

/* Begin XCBuildConfiguration section */
		5C88217319119BDD003606C0 /* Debug */ = {
			isa = XCBuildConfiguration;
			buildSettings = {
				ALWAYS_SEARCH_USER_PATHS = NO;
				CLANG_CXX_LANGUAGE_STANDARD = "gnu++0x";
				CLANG_CXX_LIBRARY = "libc++";
				CLANG_ENABLE_MODULES = YES;
				CLANG_ENABLE_OBJC_ARC = YES;
				CLANG_WARN_BOOL_CONVERSION = YES;
				CLANG_WARN_CONSTANT_CONVERSION = YES;
				CLANG_WARN_DIRECT_OBJC_ISA_USAGE = YES_ERROR;
				CLANG_WARN_EMPTY_BODY = YES;
				CLANG_WARN_ENUM_CONVERSION = YES;
				CLANG_WARN_INT_CONVERSION = YES;
				CLANG_WARN_OBJC_ROOT_CLASS = YES_ERROR;
				CLANG_WARN__DUPLICATE_METHOD_MATCH = YES;
				"CODE_SIGN_IDENTITY[sdk=iphoneos*]" = "iPhone Developer";
				COPY_PHASE_STRIP = NO;
				GCC_C_LANGUAGE_STANDARD = gnu99;
				GCC_DYNAMIC_NO_PIC = NO;
				GCC_OPTIMIZATION_LEVEL = 0;
				GCC_PREPROCESSOR_DEFINITIONS = (
					"DEBUG=1",
					"$(inherited)",
				);
				GCC_SYMBOLS_PRIVATE_EXTERN = NO;
				GCC_WARN_64_TO_32_BIT_CONVERSION = YES;
				GCC_WARN_ABOUT_RETURN_TYPE = YES_ERROR;
				GCC_WARN_UNDECLARED_SELECTOR = YES;
				GCC_WARN_UNINITIALIZED_AUTOS = YES_AGGRESSIVE;
				GCC_WARN_UNUSED_FUNCTION = YES;
				GCC_WARN_UNUSED_VARIABLE = YES;
				IPHONEOS_DEPLOYMENT_TARGET = 7.1;
				ONLY_ACTIVE_ARCH = YES;
				SDKROOT = iphoneos;
			};
			name = Debug;
		};
		5C88217419119BDD003606C0 /* Release */ = {
			isa = XCBuildConfiguration;
			buildSettings = {
				ALWAYS_SEARCH_USER_PATHS = NO;
				CLANG_CXX_LANGUAGE_STANDARD = "gnu++0x";
				CLANG_CXX_LIBRARY = "libc++";
				CLANG_ENABLE_MODULES = YES;
				CLANG_ENABLE_OBJC_ARC = YES;
				CLANG_WARN_BOOL_CONVERSION = YES;
				CLANG_WARN_CONSTANT_CONVERSION = YES;
				CLANG_WARN_DIRECT_OBJC_ISA_USAGE = YES_ERROR;
				CLANG_WARN_EMPTY_BODY = YES;
				CLANG_WARN_ENUM_CONVERSION = YES;
				CLANG_WARN_INT_CONVERSION = YES;
				CLANG_WARN_OBJC_ROOT_CLASS = YES_ERROR;
				CLANG_WARN__DUPLICATE_METHOD_MATCH = YES;
				"CODE_SIGN_IDENTITY[sdk=iphoneos*]" = "iPhone Developer";
				COPY_PHASE_STRIP = YES;
				ENABLE_NS_ASSERTIONS = NO;
				GCC_C_LANGUAGE_STANDARD = gnu99;
				GCC_WARN_64_TO_32_BIT_CONVERSION = YES;
				GCC_WARN_ABOUT_RETURN_TYPE = YES_ERROR;
				GCC_WARN_UNDECLARED_SELECTOR = YES;
				GCC_WARN_UNINITIALIZED_AUTOS = YES_AGGRESSIVE;
				GCC_WARN_UNUSED_FUNCTION = YES;
				GCC_WARN_UNUSED_VARIABLE = YES;
				IPHONEOS_DEPLOYMENT_TARGET = 7.1;
				SDKROOT = iphoneos;
				VALIDATE_PRODUCT = YES;
			};
			name = Release;
		};
		5C88217619119BDD003606C0 /* Debug */ = {
			isa = XCBuildConfiguration;
			buildSettings = {
				ASSETCATALOG_COMPILER_APPICON_NAME = AppIcon;
				ASSETCATALOG_COMPILER_LAUNCHIMAGE_NAME = LaunchImage;
				GCC_PRECOMPILE_PREFIX_HEADER = YES;
				GCC_PREFIX_HEADER = "Attributor/Attributor-Prefix.pch";
				INFOPLIST_FILE = "Attributor/Attributor-Info.plist";
				PRODUCT_NAME = "$(TARGET_NAME)";
				WRAPPER_EXTENSION = app;
			};
			name = Debug;
		};
		5C88217719119BDD003606C0 /* Release */ = {
			isa = XCBuildConfiguration;
			buildSettings = {
				ASSETCATALOG_COMPILER_APPICON_NAME = AppIcon;
				ASSETCATALOG_COMPILER_LAUNCHIMAGE_NAME = LaunchImage;
				GCC_PRECOMPILE_PREFIX_HEADER = YES;
				GCC_PREFIX_HEADER = "Attributor/Attributor-Prefix.pch";
				INFOPLIST_FILE = "Attributor/Attributor-Info.plist";
				PRODUCT_NAME = "$(TARGET_NAME)";
				WRAPPER_EXTENSION = app;
			};
			name = Release;
		};
		5C88217919119BDD003606C0 /* Debug */ = {
			isa = XCBuildConfiguration;
			buildSettings = {
				BUNDLE_LOADER = "$(BUILT_PRODUCTS_DIR)/Attributor.app/Attributor";
				FRAMEWORK_SEARCH_PATHS = (
					"$(SDKROOT)/Developer/Library/Frameworks",
					"$(inherited)",
					"$(DEVELOPER_FRAMEWORKS_DIR)",
				);
				GCC_PRECOMPILE_PREFIX_HEADER = YES;
				GCC_PREFIX_HEADER = "Attributor/Attributor-Prefix.pch";
				GCC_PREPROCESSOR_DEFINITIONS = (
					"DEBUG=1",
					"$(inherited)",
				);
				INFOPLIST_FILE = "AttributorTests/AttributorTests-Info.plist";
				PRODUCT_NAME = "$(TARGET_NAME)";
				TEST_HOST = "$(BUNDLE_LOADER)";
				WRAPPER_EXTENSION = xctest;
			};
			name = Debug;
		};
		5C88217A19119BDD003606C0 /* Release */ = {
			isa = XCBuildConfiguration;
			buildSettings = {
				BUNDLE_LOADER = "$(BUILT_PRODUCTS_DIR)/Attributor.app/Attributor";
				FRAMEWORK_SEARCH_PATHS = (
					"$(SDKROOT)/Developer/Library/Frameworks",
					"$(inherited)",
					"$(DEVELOPER_FRAMEWORKS_DIR)",
				);
				GCC_PRECOMPILE_PREFIX_HEADER = YES;
				GCC_PREFIX_HEADER = "Attributor/Attributor-Prefix.pch";
				INFOPLIST_FILE = "AttributorTests/AttributorTests-Info.plist";
				PRODUCT_NAME = "$(TARGET_NAME)";
				TEST_HOST = "$(BUNDLE_LOADER)";
				WRAPPER_EXTENSION = xctest;
			};
			name = Release;
		};
/* End XCBuildConfiguration section */

/* Begin XCConfigurationList section */
		5C88213E19119BDC003606C0 /* Build configuration list for PBXProject "Attributor" */ = {
			isa = XCConfigurationList;
			buildConfigurations = (
				5C88217319119BDD003606C0 /* Debug */,
				5C88217419119BDD003606C0 /* Release */,
			);
			defaultConfigurationIsVisible = 0;
			defaultConfigurationName = Release;
		};
		5C88217519119BDD003606C0 /* Build configuration list for PBXNativeTarget "Attributor" */ = {
			isa = XCConfigurationList;
			buildConfigurations = (
				5C88217619119BDD003606C0 /* Debug */,
				5C88217719119BDD003606C0 /* Release */,
			);
			defaultConfigurationIsVisible = 0;
		};
		5C88217819119BDD003606C0 /* Build configuration list for PBXNativeTarget "AttributorTests" */ = {
			isa = XCConfigurationList;
			buildConfigurations = (
				5C88217919119BDD003606C0 /* Debug */,
				5C88217A19119BDD003606C0 /* Release */,
			);
			defaultConfigurationIsVisible = 0;
		};
/* End XCConfigurationList section */
	};
	rootObject = 5C88213B19119BDC003606C0 /* Project object */;
}
